
Microsoft Visual Studio Solution File, Format Version 12.00
# Visual Studio 14
VisualStudioVersion = 14.0.25420.1
MinimumVisualStudioVersion = 10.0.40219.1
Project("{FAE04EC0-301F-11D3-BF4B-00C04F79EFBC}") = "Domain", "Domain\Domain.csproj", "{555814C3-397D-4A8C-807C-B9693131E380}"
EndProject
Project("{FAE04EC0-301F-11D3-BF4B-00C04F79EFBC}") = "WebUI", "WebUI\WebUI.csproj", "{56A6677F-9EBF-442C-8069-79C0A007F3DE}"
EndProject
Project("{FAE04EC0-301F-11D3-BF4B-00C04F79EFBC}") = "UnitTest", "UnitTest\UnitTest.csproj", "{04E82E4A-107D-4D2C-B49F-081AA60D6944}"
EndProject
Global
	GlobalSection(SolutionConfigurationPlatforms) = preSolution
		Debug|Any CPU = Debug|Any CPU
		Release|Any CPU = Release|Any CPU
	EndGlobalSection
	GlobalSection(ProjectConfigurationPlatforms) = postSolution
		{555814C3-397D-4A8C-807C-B9693131E380}.Debug|Any CPU.ActiveCfg = Debug|Any CPU
		{555814C3-397D-4A8C-807C-B9693131E380}.Debug|Any CPU.Build.0 = Debug|Any CPU
		{555814C3-397D-4A8C-807C-B9693131E380}.Release|Any CPU.ActiveCfg = Release|Any CPU
		{555814C3-397D-4A8C-807C-B9693131E380}.Release|Any CPU.Build.0 = Release|Any CPU
		{56A6677F-9EBF-442C-8069-79C0A007F3DE}.Debug|Any CPU.ActiveCfg = Debug|Any CPU
		{56A6677F-9EBF-442C-8069-79C0A007F3DE}.Debug|Any CPU.Build.0 = Debug|Any CPU
		{56A6677F-9EBF-442C-8069-79C0A007F3DE}.Release|Any CPU.ActiveCfg = Release|Any CPU
		{56A6677F-9EBF-442C-8069-79C0A007F3DE}.Release|Any CPU.Build.0 = Release|Any CPU
		{04E82E4A-107D-4D2C-B49F-081AA60D6944}.Debug|Any CPU.ActiveCfg = Debug|Any CPU
		{04E82E4A-107D-4D2C-B49F-081AA60D6944}.Debug|Any CPU.Build.0 = Debug|Any CPU
		{04E82E4A-107D-4D2C-B49F-081AA60D6944}.Release|Any CPU.ActiveCfg = Release|Any CPU
		{04E82E4A-107D-4D2C-B49F-081AA60D6944}.Release|Any CPU.Build.0 = Release|Any CPU
	EndGlobalSection
	GlobalSection(SolutionProperties) = preSolution
		HideSolutionNode = FALSE
	EndGlobalSection
EndGlobal
